{
  "originHash" : "925ba70aa7e6eee9f0f8952bd6b3a9e79d10b952a97984392268f15bcd1d0060",
  "pins" : [
    {
      "identity" : "grape",
      "kind" : "remoteSourceControl",
      "location" : "https://github.com/swiftgraphs/Grape",
      "state" : {
        "revision" : "48eb7d8ab4ce549c6cdde106b5f7fa317421364c",
        "version" : "1.1.0"
      }
    }
  ],
  "version" : 3
}
