{
  "originHash" : "1708247a44f1a53cb7995977a929df634047a383a54c617b4b17f434fca4cfb5",
  "pins" : [
    {
      "identity" : "grape",
      "kind" : "remoteSourceControl",
      "location" : "https://github.com/swiftgraphs/Grape",
      "state" : {
        "revision" : "48eb7d8ab4ce549c6cdde106b5f7fa317421364c",
        "version" : "1.1.0"
      }
    },
    {
      "identity" : "pow",
      "kind" : "remoteSourceControl",
      "location" : "https://github.com/movingparts-io/Pow.git",
      "state" : {
        "revision" : "c675f0b3792e4fb456a0cbb93afc3059e81e1809",
        "version" : "0.3.1"
      }
    }
  ],
  "version" : 3
}
